
Microsoft Visual Studio Solution File, Format Version 12.00
# Visual Studio 2015
Project("{FAE04EC0-301F-11D3-BF4B-00C04F79EFBC}") = "UnityVS.Fishing.CSharp", "UnityVS.Fishing.CSharp.csproj", "{F2C7C8ED-A939-6D07-C69D-5CCF6FDCF197}"
EndProject
Project("{FAE04EC0-301F-11D3-BF4B-00C04F79EFBC}") = "UnityVS.Fishing.CSharp.Editor", "UnityVS.Fishing.CSharp.Editor.csproj", "{EA40DDC7-B0DF-83A1-1459-D4BB2B991EC6}"
EndProject
Global
	GlobalSection(SolutionConfigurationPlatforms) = preSolution
		Debug|Any CPU = Debug|Any CPU
		Release|Any CPU = Release|Any CPU
	EndGlobalSection
	GlobalSection(ProjectConfigurationPlatforms) = postSolution
		{F2C7C8ED-A939-6D07-C69D-5CCF6FDCF197}.Debug|Any CPU.ActiveCfg = Debug|Any CPU
		{F2C7C8ED-A939-6D07-C69D-5CCF6FDCF197}.Debug|Any CPU.Build.0 = Debug|Any CPU
		{F2C7C8ED-A939-6D07-C69D-5CCF6FDCF197}.Release|Any CPU.ActiveCfg = Release|Any CPU
		{F2C7C8ED-A939-6D07-C69D-5CCF6FDCF197}.Release|Any CPU.Build.0 = Release|Any CPU
		{EA40DDC7-B0DF-83A1-1459-D4BB2B991EC6}.Debug|Any CPU.ActiveCfg = Debug|Any CPU
		{EA40DDC7-B0DF-83A1-1459-D4BB2B991EC6}.Debug|Any CPU.Build.0 = Debug|Any CPU
		{EA40DDC7-B0DF-83A1-1459-D4BB2B991EC6}.Release|Any CPU.ActiveCfg = Release|Any CPU
		{EA40DDC7-B0DF-83A1-1459-D4BB2B991EC6}.Release|Any CPU.Build.0 = Release|Any CPU
	EndGlobalSection
	GlobalSection(SolutionProperties) = preSolution
		HideSolutionNode = FALSE
	EndGlobalSection
EndGlobal
